
Microsoft Visual Studio Solution File, Format Version 12.00
# Visual Studio Version 17
VisualStudioVersion = 17.3.32922.545
MinimumVisualStudioVersion = 10.0.40219.1
Project("{FAE04EC0-301F-11D3-BF4B-00C04F79EFBC}") = "Urun_Takip", "Urun_Takip.csproj", "{AED147A9-F2EA-4668-ADD9-4BBBA8308391}"
EndProject
Global
	GlobalSection(SolutionConfigurationPlatforms) = preSolution
		Debug|Any CPU = Debug|Any CPU
		Release|Any CPU = Release|Any CPU
	EndGlobalSection
	GlobalSection(ProjectConfigurationPlatforms) = postSolution
		{AED147A9-F2EA-4668-ADD9-4BBBA8308391}.Debug|Any CPU.ActiveCfg = Debug|Any CPU
		{AED147A9-F2EA-4668-ADD9-4BBBA8308391}.Debug|Any CPU.Build.0 = Debug|Any CPU
		{AED147A9-F2EA-4668-ADD9-4BBBA8308391}.Release|Any CPU.ActiveCfg = Release|Any CPU
		{AED147A9-F2EA-4668-ADD9-4BBBA8308391}.Release|Any CPU.Build.0 = Release|Any CPU
	EndGlobalSection
	GlobalSection(SolutionProperties) = preSolution
		HideSolutionNode = FALSE
	EndGlobalSection
	GlobalSection(ExtensibilityGlobals) = postSolution
		SolutionGuid = {271A2B0D-6AC5-48F7-9240-125610D81AF2}
	EndGlobalSection
EndGlobal
